// !$*UTF8*$!
{
	archiveVersion = 1;
	classes = {
	};
	objectVersion = 46;
	objects = {

/* Begin PBXBuildFile section */
		835CF8B61ED3D8E8003D057B /* main.m in Sources */ = {isa = PBXBuildFile; fileRef = 835CF8B51ED3D8E8003D057B /* main.m */; };
		835CF8B91ED3D8E8003D057B /* AppDelegate.m in Sources */ = {isa = PBXBuildFile; fileRef = 835CF8B81ED3D8E8003D057B /* AppDelegate.m */; };
		835CF8BC1ED3D8E8003D057B /* ViewController.m in Sources */ = {isa = PBXBuildFile; fileRef = 835CF8BB1ED3D8E8003D057B /* ViewController.m */; };
		835CF8BF1ED3D8E8003D057B /* Main.storyboard in Resources */ = {isa = PBXBuildFile; fileRef = 835CF8BD1ED3D8E8003D057B /* Main.storyboard */; };
		835CF8C11ED3D8E8003D057B /* Assets.xcassets in Resources */ = {isa = PBXBuildFile; fileRef = 835CF8C01ED3D8E8003D057B /* Assets.xcassets */; };
		835CF8C41ED3D8E8003D057B /* LaunchScreen.storyboard in Resources */ = {isa = PBXBuildFile; fileRef = 835CF8C21ED3D8E8003D057B /* LaunchScreen.storyboard */; };
		835CF8CF1ED3D8E8003D057B /* OpenGLES_____Tests.m in Sources */ = {isa = PBXBuildFile; fileRef = 835CF8CE1ED3D8E8003D057B /* OpenGLES_____Tests.m */; };
		835CF8DA1ED3D8E8003D057B /* OpenGLES_____UITests.m in Sources */ = {isa = PBXBuildFile; fileRef = 835CF8D91ED3D8E8003D057B /* OpenGLES_____UITests.m */; };
		835CF9061ED3D974003D057B /* AGLKCollision.m in Sources */ = {isa = PBXBuildFile; fileRef = 835CF8EA1ED3D974003D057B /* AGLKCollision.m */; };
		835CF9071ED3D974003D057B /* AGLKContext.m in Sources */ = {isa = PBXBuildFile; fileRef = 835CF8EC1ED3D974003D057B /* AGLKContext.m */; };
		835CF9081ED3D974003D057B /* AGLKFilters.m in Sources */ = {isa = PBXBuildFile; fileRef = 835CF8EE1ED3D974003D057B /* AGLKFilters.m */; };
		835CF9091ED3D974003D057B /* AGLKFrustum.m in Sources */ = {isa = PBXBuildFile; fileRef = 835CF8F01ED3D974003D057B /* AGLKFrustum.m */; };
		835CF90A1ED3D974003D057B /* AGLKPointParticleEffect.m in Sources */ = {isa = PBXBuildFile; fileRef = 835CF8F21ED3D974003D057B /* AGLKPointParticleEffect.m */; };
		835CF90B1ED3D974003D057B /* AGLKSkyboxEffect.m in Sources */ = {isa = PBXBuildFile; fileRef = 835CF8F41ED3D974003D057B /* AGLKSkyboxEffect.m */; };
		835CF90C1ED3D974003D057B /* AGLKTextureLoader.m in Sources */ = {isa = PBXBuildFile; fileRef = 835CF8F61ED3D974003D057B /* AGLKTextureLoader.m */; };
		835CF90D1ED3D974003D057B /* AGLKTextureTransformBaseEffect.m in Sources */ = {isa = PBXBuildFile; fileRef = 835CF8F81ED3D974003D057B /* AGLKTextureTransformBaseEffect.m */; };
		835CF90E1ED3D974003D057B /* AGLKVertexAttribArrayBuffer.m in Sources */ = {isa = PBXBuildFile; fileRef = 835CF8FA1ED3D974003D057B /* AGLKVertexAttribArrayBuffer.m */; };
		835CF90F1ED3D974003D057B /* AGLKView.m in Sources */ = {isa = PBXBuildFile; fileRef = 835CF8FC1ED3D974003D057B /* AGLKView.m */; };
		835CF9101ED3D974003D057B /* AGLKViewController.m in Sources */ = {isa = PBXBuildFile; fileRef = 835CF8FE1ED3D974003D057B /* AGLKViewController.m */; };
		835CF9111ED3D974003D057B /* AGLKPointParticleShader.fsh in Resources */ = {isa = PBXBuildFile; fileRef = 835CF9001ED3D974003D057B /* AGLKPointParticleShader.fsh */; };
		835CF9121ED3D974003D057B /* AGLKPointParticleShader.vsh in Resources */ = {isa = PBXBuildFile; fileRef = 835CF9011ED3D974003D057B /* AGLKPointParticleShader.vsh */; };
		835CF9131ED3D974003D057B /* AGLKSkyboxShader.fsh in Resources */ = {isa = PBXBuildFile; fileRef = 835CF9021ED3D974003D057B /* AGLKSkyboxShader.fsh */; };
		835CF9141ED3D974003D057B /* AGLKSkyboxShader.vsh in Resources */ = {isa = PBXBuildFile; fileRef = 835CF9031ED3D974003D057B /* AGLKSkyboxShader.vsh */; };
		835CF9151ED3D974003D057B /* AGLKTextureMatrix2PointLightShader.fsh in Resources */ = {isa = PBXBuildFile; fileRef = 835CF9041ED3D974003D057B /* AGLKTextureMatrix2PointLightShader.fsh */; };
		835CF9161ED3D974003D057B /* AGLKTextureMatrix2PointLightShader.vsh in Resources */ = {isa = PBXBuildFile; fileRef = 835CF9051ED3D974003D057B /* AGLKTextureMatrix2PointLightShader.vsh */; };
		835CF9191ED3DCA5003D057B /* beetle.png in Resources */ = {isa = PBXBuildFile; fileRef = 835CF9171ED3DCA5003D057B /* beetle.png */; };
		835CF91A1ED3DCA5003D057B /* leaves.gif in Resources */ = {isa = PBXBuildFile; fileRef = 835CF9181ED3DCA5003D057B /* leaves.gif */; };
/* End PBXBuildFile section */

/* Begin PBXContainerItemProxy section */
		835CF8CB1ED3D8E8003D057B /* PBXContainerItemProxy */ = {
			isa = PBXContainerItemProxy;
			containerPortal = 835CF8A91ED3D8E8003D057B /* Project object */;
			proxyType = 1;
			remoteGlobalIDString = 835CF8B01ED3D8E8003D057B;
			remoteInfo = "OpenGLES-纹理形变";
		};
		835CF8D61ED3D8E8003D057B /* PBXContainerItemProxy */ = {
			isa = PBXContainerItemProxy;
			containerPortal = 835CF8A91ED3D8E8003D057B /* Project object */;
			proxyType = 1;
			remoteGlobalIDString = 835CF8B01ED3D8E8003D057B;
			remoteInfo = "OpenGLES-纹理形变";
		};
/* End PBXContainerItemProxy section */

/* Begin PBXFileReference section */
		835CF8B11ED3D8E8003D057B /* OpenGLES-纹理形变.app */ = {isa = PBXFileReference; explicitFileType = wrapper.application; includeInIndex = 0; path = "OpenGLES-纹理形变.app"; sourceTree = BUILT_PRODUCTS_DIR; };
		835CF8B51ED3D8E8003D057B /* main.m */ = {isa = PBXFileReference; lastKnownFileType = sourcecode.c.objc; path = main.m; sourceTree = "<group>"; };
		835CF8B71ED3D8E8003D057B /* AppDelegate.h */ = {isa = PBXFileReference; lastKnownFileType = sourcecode.c.h; path = AppDelegate.h; sourceTree = "<group>"; };
		835CF8B81ED3D8E8003D057B /* AppDelegate.m */ = {isa = PBXFileReference; lastKnownFileType = sourcecode.c.objc; path = AppDelegate.m; sourceTree = "<group>"; };
		835CF8BA1ED3D8E8003D057B /* ViewController.h */ = {isa = PBXFileReference; lastKnownFileType = sourcecode.c.h; path = ViewController.h; sourceTree = "<group>"; };
		835CF8BB1ED3D8E8003D057B /* ViewController.m */ = {isa = PBXFileReference; lastKnownFileType = sourcecode.c.objc; path = ViewController.m; sourceTree = "<group>"; };
		835CF8BE1ED3D8E8003D057B /* Base */ = {isa = PBXFileReference; lastKnownFileType = file.storyboard; name = Base; path = Base.lproj/Main.storyboard; sourceTree = "<group>"; };
		835CF8C01ED3D8E8003D057B /* Assets.xcassets */ = {isa = PBXFileReference; lastKnownFileType = folder.assetcatalog; path = Assets.xcassets; sourceTree = "<group>"; };
		835CF8C31ED3D8E8003D057B /* Base */ = {isa = PBXFileReference; lastKnownFileType = file.storyboard; name = Base; path = Base.lproj/LaunchScreen.storyboard; sourceTree = "<group>"; };
		835CF8C51ED3D8E8003D057B /* Info.plist */ = {isa = PBXFileReference; lastKnownFileType = text.plist.xml; path = Info.plist; sourceTree = "<group>"; };
		835CF8CA1ED3D8E8003D057B /* OpenGLES-纹理形变Tests.xctest */ = {isa = PBXFileReference; explicitFileType = wrapper.cfbundle; includeInIndex = 0; path = "OpenGLES-纹理形变Tests.xctest"; sourceTree = BUILT_PRODUCTS_DIR; };
		835CF8CE1ED3D8E8003D057B /* OpenGLES_____Tests.m */ = {isa = PBXFileReference; lastKnownFileType = sourcecode.c.objc; path = "OpenGLES_____Tests.m"; sourceTree = "<group>"; };
		835CF8D01ED3D8E8003D057B /* Info.plist */ = {isa = PBXFileReference; lastKnownFileType = text.plist.xml; path = Info.plist; sourceTree = "<group>"; };
		835CF8D51ED3D8E8003D057B /* OpenGLES-纹理形变UITests.xctest */ = {isa = PBXFileReference; explicitFileType = wrapper.cfbundle; includeInIndex = 0; path = "OpenGLES-纹理形变UITests.xctest"; sourceTree = BUILT_PRODUCTS_DIR; };
		835CF8D91ED3D8E8003D057B /* OpenGLES_____UITests.m */ = {isa = PBXFileReference; lastKnownFileType = sourcecode.c.objc; path = "OpenGLES_____UITests.m"; sourceTree = "<group>"; };
		835CF8DB1ED3D8E8003D057B /* Info.plist */ = {isa = PBXFileReference; lastKnownFileType = text.plist.xml; path = Info.plist; sourceTree = "<group>"; };
		835CF8E81ED3D974003D057B /* AGLKAxisAllignedBoundingBox.h */ = {isa = PBXFileReference; fileEncoding = 4; lastKnownFileType = sourcecode.c.h; path = AGLKAxisAllignedBoundingBox.h; sourceTree = "<group>"; };
		835CF8E91ED3D974003D057B /* AGLKCollision.h */ = {isa = PBXFileReference; fileEncoding = 4; lastKnownFileType = sourcecode.c.h; path = AGLKCollision.h; sourceTree = "<group>"; };
		835CF8EA1ED3D974003D057B /* AGLKCollision.m */ = {isa = PBXFileReference; fileEncoding = 4; lastKnownFileType = sourcecode.c.objc; path = AGLKCollision.m; sourceTree = "<group>"; };
		835CF8EB1ED3D974003D057B /* AGLKContext.h */ = {isa = PBXFileReference; fileEncoding = 4; lastKnownFileType = sourcecode.c.h; path = AGLKContext.h; sourceTree = "<group>"; };
		835CF8EC1ED3D974003D057B /* AGLKContext.m */ = {isa = PBXFileReference; fileEncoding = 4; lastKnownFileType = sourcecode.c.objc; path = AGLKContext.m; sourceTree = "<group>"; };
		835CF8ED1ED3D974003D057B /* AGLKFilters.h */ = {isa = PBXFileReference; fileEncoding = 4; lastKnownFileType = sourcecode.c.h; path = AGLKFilters.h; sourceTree = "<group>"; };
		835CF8EE1ED3D974003D057B /* AGLKFilters.m */ = {isa = PBXFileReference; fileEncoding = 4; lastKnownFileType = sourcecode.c.objc; path = AGLKFilters.m; sourceTree = "<group>"; };
		835CF8EF1ED3D974003D057B /* AGLKFrustum.h */ = {isa = PBXFileReference; fileEncoding = 4; lastKnownFileType = sourcecode.c.h; path = AGLKFrustum.h; sourceTree = "<group>"; };
		835CF8F01ED3D974003D057B /* AGLKFrustum.m */ = {isa = PBXFileReference; fileEncoding = 4; lastKnownFileType = sourcecode.c.objc; path = AGLKFrustum.m; sourceTree = "<group>"; };
		835CF8F11ED3D974003D057B /* AGLKPointParticleEffect.h */ = {isa = PBXFileReference; fileEncoding = 4; lastKnownFileType = sourcecode.c.h; path = AGLKPointParticleEffect.h; sourceTree = "<group>"; };
		835CF8F21ED3D974003D057B /* AGLKPointParticleEffect.m */ = {isa = PBXFileReference; fileEncoding = 4; lastKnownFileType = sourcecode.c.objc; path = AGLKPointParticleEffect.m; sourceTree = "<group>"; };
		835CF8F31ED3D974003D057B /* AGLKSkyboxEffect.h */ = {isa = PBXFileReference; fileEncoding = 4; lastKnownFileType = sourcecode.c.h; path = AGLKSkyboxEffect.h; sourceTree = "<group>"; };
		835CF8F41ED3D974003D057B /* AGLKSkyboxEffect.m */ = {isa = PBXFileReference; fileEncoding = 4; lastKnownFileType = sourcecode.c.objc; path = AGLKSkyboxEffect.m; sourceTree = "<group>"; };
		835CF8F51ED3D974003D057B /* AGLKTextureLoader.h */ = {isa = PBXFileReference; fileEncoding = 4; lastKnownFileType = sourcecode.c.h; path = AGLKTextureLoader.h; sourceTree = "<group>"; };
		835CF8F61ED3D974003D057B /* AGLKTextureLoader.m */ = {isa = PBXFileReference; fileEncoding = 4; lastKnownFileType = sourcecode.c.objc; path = AGLKTextureLoader.m; sourceTree = "<group>"; };
		835CF8F71ED3D974003D057B /* AGLKTextureTransformBaseEffect.h */ = {isa = PBXFileReference; fileEncoding = 4; lastKnownFileType = sourcecode.c.h; path = AGLKTextureTransformBaseEffect.h; sourceTree = "<group>"; };
		835CF8F81ED3D974003D057B /* AGLKTextureTransformBaseEffect.m */ = {isa = PBXFileReference; fileEncoding = 4; lastKnownFileType = sourcecode.c.objc; path = AGLKTextureTransformBaseEffect.m; sourceTree = "<group>"; };
		835CF8F91ED3D974003D057B /* AGLKVertexAttribArrayBuffer.h */ = {isa = PBXFileReference; fileEncoding = 4; lastKnownFileType = sourcecode.c.h; path = AGLKVertexAttribArrayBuffer.h; sourceTree = "<group>"; };
		835CF8FA1ED3D974003D057B /* AGLKVertexAttribArrayBuffer.m */ = {isa = PBXFileReference; fileEncoding = 4; lastKnownFileType = sourcecode.c.objc; path = AGLKVertexAttribArrayBuffer.m; sourceTree = "<group>"; };
		835CF8FB1ED3D974003D057B /* AGLKView.h */ = {isa = PBXFileReference; fileEncoding = 4; lastKnownFileType = sourcecode.c.h; path = AGLKView.h; sourceTree = "<group>"; };
		835CF8FC1ED3D974003D057B /* AGLKView.m */ = {isa = PBXFileReference; fileEncoding = 4; lastKnownFileType = sourcecode.c.objc; path = AGLKView.m; sourceTree = "<group>"; };
		835CF8FD1ED3D974003D057B /* AGLKViewController.h */ = {isa = PBXFileReference; fileEncoding = 4; lastKnownFileType = sourcecode.c.h; path = AGLKViewController.h; sourceTree = "<group>"; };
		835CF8FE1ED3D974003D057B /* AGLKViewController.m */ = {isa = PBXFileReference; fileEncoding = 4; lastKnownFileType = sourcecode.c.objc; path = AGLKViewController.m; sourceTree = "<group>"; };
		835CF9001ED3D974003D057B /* AGLKPointParticleShader.fsh */ = {isa = PBXFileReference; fileEncoding = 4; lastKnownFileType = sourcecode.glsl; path = AGLKPointParticleShader.fsh; sourceTree = "<group>"; };
		835CF9011ED3D974003D057B /* AGLKPointParticleShader.vsh */ = {isa = PBXFileReference; fileEncoding = 4; lastKnownFileType = sourcecode.glsl; path = AGLKPointParticleShader.vsh; sourceTree = "<group>"; };
		835CF9021ED3D974003D057B /* AGLKSkyboxShader.fsh */ = {isa = PBXFileReference; fileEncoding = 4; lastKnownFileType = sourcecode.glsl; path = AGLKSkyboxShader.fsh; sourceTree = "<group>"; };
		835CF9031ED3D974003D057B /* AGLKSkyboxShader.vsh */ = {isa = PBXFileReference; fileEncoding = 4; lastKnownFileType = sourcecode.glsl; path = AGLKSkyboxShader.vsh; sourceTree = "<group>"; };
		835CF9041ED3D974003D057B /* AGLKTextureMatrix2PointLightShader.fsh */ = {isa = PBXFileReference; fileEncoding = 4; lastKnownFileType = sourcecode.glsl; path = AGLKTextureMatrix2PointLightShader.fsh; sourceTree = "<group>"; };
		835CF9051ED3D974003D057B /* AGLKTextureMatrix2PointLightShader.vsh */ = {isa = PBXFileReference; fileEncoding = 4; lastKnownFileType = sourcecode.glsl; path = AGLKTextureMatrix2PointLightShader.vsh; sourceTree = "<group>"; };
		835CF9171ED3DCA5003D057B /* beetle.png */ = {isa = PBXFileReference; lastKnownFileType = image.png; path = beetle.png; sourceTree = "<group>"; };
		835CF9181ED3DCA5003D057B /* leaves.gif */ = {isa = PBXFileReference; lastKnownFileType = image.gif; path = leaves.gif; sourceTree = "<group>"; };
/* End PBXFileReference section */

/* Begin PBXFrameworksBuildPhase section */
		835CF8AE1ED3D8E8003D057B /* Frameworks */ = {
			isa = PBXFrameworksBuildPhase;
			buildActionMask = 2147483647;
			files = (
			);
			runOnlyForDeploymentPostprocessing = 0;
		};
		835CF8C71ED3D8E8003D057B /* Frameworks */ = {
			isa = PBXFrameworksBuildPhase;
			buildActionMask = 2147483647;
			files = (
			);
			runOnlyForDeploymentPostprocessing = 0;
		};
		835CF8D21ED3D8E8003D057B /* Frameworks */ = {
			isa = PBXFrameworksBuildPhase;
			buildActionMask = 2147483647;
			files = (
			);
			runOnlyForDeploymentPostprocessing = 0;
		};
/* End PBXFrameworksBuildPhase section */

/* Begin PBXGroup section */
		835CF8A81ED3D8E8003D057B = {
			isa = PBXGroup;
			children = (
				835CF8B31ED3D8E8003D057B /* OpenGLES-纹理形变 */,
				835CF8CD1ED3D8E8003D057B /* OpenGLES-纹理形变Tests */,
				835CF8D81ED3D8E8003D057B /* OpenGLES-纹理形变UITests */,
				835CF8B21ED3D8E8003D057B /* Products */,
			);
			sourceTree = "<group>";
		};
		835CF8B21ED3D8E8003D057B /* Products */ = {
			isa = PBXGroup;
			children = (
				835CF8B11ED3D8E8003D057B /* OpenGLES-纹理形变.app */,
				835CF8CA1ED3D8E8003D057B /* OpenGLES-纹理形变Tests.xctest */,
				835CF8D51ED3D8E8003D057B /* OpenGLES-纹理形变UITests.xctest */,
			);
			name = Products;
			sourceTree = "<group>";
		};
		835CF8B31ED3D8E8003D057B /* OpenGLES-纹理形变 */ = {
			isa = PBXGroup;
			children = (
				835CF8E71ED3D974003D057B /* AGLKit */,
				835CF8B71ED3D8E8003D057B /* AppDelegate.h */,
				835CF8B81ED3D8E8003D057B /* AppDelegate.m */,
				835CF8BA1ED3D8E8003D057B /* ViewController.h */,
				835CF8BB1ED3D8E8003D057B /* ViewController.m */,
				835CF8BD1ED3D8E8003D057B /* Main.storyboard */,
				835CF8C01ED3D8E8003D057B /* Assets.xcassets */,
				835CF8C21ED3D8E8003D057B /* LaunchScreen.storyboard */,
				835CF8C51ED3D8E8003D057B /* Info.plist */,
				835CF8B41ED3D8E8003D057B /* Supporting Files */,
			);
			path = "OpenGLES-纹理形变";
			sourceTree = "<group>";
		};
		835CF8B41ED3D8E8003D057B /* Supporting Files */ = {
			isa = PBXGroup;
			children = (
				835CF9171ED3DCA5003D057B /* beetle.png */,
				835CF9181ED3DCA5003D057B /* leaves.gif */,
				835CF8B51ED3D8E8003D057B /* main.m */,
			);
			name = "Supporting Files";
			sourceTree = "<group>";
		};
		835CF8CD1ED3D8E8003D057B /* OpenGLES-纹理形变Tests */ = {
			isa = PBXGroup;
			children = (
				835CF8CE1ED3D8E8003D057B /* OpenGLES_____Tests.m */,
				835CF8D01ED3D8E8003D057B /* Info.plist */,
			);
			path = "OpenGLES-纹理形变Tests";
			sourceTree = "<group>";
		};
		835CF8D81ED3D8E8003D057B /* OpenGLES-纹理形变UITests */ = {
			isa = PBXGroup;
			children = (
				835CF8D91ED3D8E8003D057B /* OpenGLES_____UITests.m */,
				835CF8DB1ED3D8E8003D057B /* Info.plist */,
			);
			path = "OpenGLES-纹理形变UITests";
			sourceTree = "<group>";
		};
		835CF8E71ED3D974003D057B /* AGLKit */ = {
			isa = PBXGroup;
			children = (
				835CF8E81ED3D974003D057B /* AGLKAxisAllignedBoundingBox.h */,
				835CF8E91ED3D974003D057B /* AGLKCollision.h */,
				835CF8EA1ED3D974003D057B /* AGLKCollision.m */,
				835CF8EB1ED3D974003D057B /* AGLKContext.h */,
				835CF8EC1ED3D974003D057B /* AGLKContext.m */,
				835CF8ED1ED3D974003D057B /* AGLKFilters.h */,
				835CF8EE1ED3D974003D057B /* AGLKFilters.m */,
				835CF8EF1ED3D974003D057B /* AGLKFrustum.h */,
				835CF8F01ED3D974003D057B /* AGLKFrustum.m */,
				835CF8F11ED3D974003D057B /* AGLKPointParticleEffect.h */,
				835CF8F21ED3D974003D057B /* AGLKPointParticleEffect.m */,
				835CF8F31ED3D974003D057B /* AGLKSkyboxEffect.h */,
				835CF8F41ED3D974003D057B /* AGLKSkyboxEffect.m */,
				835CF8F51ED3D974003D057B /* AGLKTextureLoader.h */,
				835CF8F61ED3D974003D057B /* AGLKTextureLoader.m */,
				835CF8F71ED3D974003D057B /* AGLKTextureTransformBaseEffect.h */,
				835CF8F81ED3D974003D057B /* AGLKTextureTransformBaseEffect.m */,
				835CF8F91ED3D974003D057B /* AGLKVertexAttribArrayBuffer.h */,
				835CF8FA1ED3D974003D057B /* AGLKVertexAttribArrayBuffer.m */,
				835CF8FB1ED3D974003D057B /* AGLKView.h */,
				835CF8FC1ED3D974003D057B /* AGLKView.m */,
				835CF8FD1ED3D974003D057B /* AGLKViewController.h */,
				835CF8FE1ED3D974003D057B /* AGLKViewController.m */,
				835CF8FF1ED3D974003D057B /* Shaders */,
			);
			path = AGLKit;
			sourceTree = "<group>";
		};
		835CF8FF1ED3D974003D057B /* Shaders */ = {
			isa = PBXGroup;
			children = (
				835CF9001ED3D974003D057B /* AGLKPointParticleShader.fsh */,
				835CF9011ED3D974003D057B /* AGLKPointParticleShader.vsh */,
				835CF9021ED3D974003D057B /* AGLKSkyboxShader.fsh */,
				835CF9031ED3D974003D057B /* AGLKSkyboxShader.vsh */,
				835CF9041ED3D974003D057B /* AGLKTextureMatrix2PointLightShader.fsh */,
				835CF9051ED3D974003D057B /* AGLKTextureMatrix2PointLightShader.vsh */,
			);
			path = Shaders;
			sourceTree = "<group>";
		};
/* End PBXGroup section */

/* Begin PBXNativeTarget section */
		835CF8B01ED3D8E8003D057B /* OpenGLES-纹理形变 */ = {
			isa = PBXNativeTarget;
			buildConfigurationList = 835CF8DE1ED3D8E8003D057B /* Build configuration list for PBXNativeTarget "OpenGLES-纹理形变" */;
			buildPhases = (
				835CF8AD1ED3D8E8003D057B /* Sources */,
				835CF8AE1ED3D8E8003D057B /* Frameworks */,
				835CF8AF1ED3D8E8003D057B /* Resources */,
			);
			buildRules = (
			);
			dependencies = (
			);
			name = "OpenGLES-纹理形变";
			productName = "OpenGLES-纹理形变";
			productReference = 835CF8B11ED3D8E8003D057B /* OpenGLES-纹理形变.app */;
			productType = "com.apple.product-type.application";
		};
		835CF8C91ED3D8E8003D057B /* OpenGLES-纹理形变Tests */ = {
			isa = PBXNativeTarget;
			buildConfigurationList = 835CF8E11ED3D8E8003D057B /* Build configuration list for PBXNativeTarget "OpenGLES-纹理形变Tests" */;
			buildPhases = (
				835CF8C61ED3D8E8003D057B /* Sources */,
				835CF8C71ED3D8E8003D057B /* Frameworks */,
				835CF8C81ED3D8E8003D057B /* Resources */,
			);
			buildRules = (
			);
			dependencies = (
				835CF8CC1ED3D8E8003D057B /* PBXTargetDependency */,
			);
			name = "OpenGLES-纹理形变Tests";
			productName = "OpenGLES-纹理形变Tests";
			productReference = 835CF8CA1ED3D8E8003D057B /* OpenGLES-纹理形变Tests.xctest */;
			productType = "com.apple.product-type.bundle.unit-test";
		};
		835CF8D41ED3D8E8003D057B /* OpenGLES-纹理形变UITests */ = {
			isa = PBXNativeTarget;
			buildConfigurationList = 835CF8E41ED3D8E8003D057B /* Build configuration list for PBXNativeTarget "OpenGLES-纹理形变UITests" */;
			buildPhases = (
				835CF8D11ED3D8E8003D057B /* Sources */,
				835CF8D21ED3D8E8003D057B /* Frameworks */,
				835CF8D31ED3D8E8003D057B /* Resources */,
			);
			buildRules = (
			);
			dependencies = (
				835CF8D71ED3D8E8003D057B /* PBXTargetDependency */,
			);
			name = "OpenGLES-纹理形变UITests";
			productName = "OpenGLES-纹理形变UITests";
			productReference = 835CF8D51ED3D8E8003D057B /* OpenGLES-纹理形变UITests.xctest */;
			productType = "com.apple.product-type.bundle.ui-testing";
		};
/* End PBXNativeTarget section */

/* Begin PBXProject section */
		835CF8A91ED3D8E8003D057B /* Project object */ = {
			isa = PBXProject;
			attributes = {
				LastUpgradeCheck = 0830;
				ORGANIZATIONNAME = ShiWen;
				TargetAttributes = {
					835CF8B01ED3D8E8003D057B = {
						CreatedOnToolsVersion = 8.3.2;
						ProvisioningStyle = Automatic;
					};
					835CF8C91ED3D8E8003D057B = {
						CreatedOnToolsVersion = 8.3.2;
						ProvisioningStyle = Automatic;
						TestTargetID = 835CF8B01ED3D8E8003D057B;
					};
					835CF8D41ED3D8E8003D057B = {
						CreatedOnToolsVersion = 8.3.2;
						ProvisioningStyle = Automatic;
						TestTargetID = 835CF8B01ED3D8E8003D057B;
					};
				};
			};
			buildConfigurationList = 835CF8AC1ED3D8E8003D057B /* Build configuration list for PBXProject "OpenGLES-纹理形变" */;
			compatibilityVersion = "Xcode 3.2";
			developmentRegion = English;
			hasScannedForEncodings = 0;
			knownRegions = (
				en,
				Base,
			);
			mainGroup = 835CF8A81ED3D8E8003D057B;
			productRefGroup = 835CF8B21ED3D8E8003D057B /* Products */;
			projectDirPath = "";
			projectRoot = "";
			targets = (
				835CF8B01ED3D8E8003D057B /* OpenGLES-纹理形变 */,
				835CF8C91ED3D8E8003D057B /* OpenGLES-纹理形变Tests */,
				835CF8D41ED3D8E8003D057B /* OpenGLES-纹理形变UITests */,
			);
		};
/* End PBXProject section */

/* Begin PBXResourcesBuildPhase section */
		835CF8AF1ED3D8E8003D057B /* Resources */ = {
			isa = PBXResourcesBuildPhase;
			buildActionMask = 2147483647;
			files = (
				835CF8C41ED3D8E8003D057B /* LaunchScreen.storyboard in Resources */,
				835CF8C11ED3D8E8003D057B /* Assets.xcassets in Resources */,
				835CF9111ED3D974003D057B /* AGLKPointParticleShader.fsh in Resources */,
				835CF9131ED3D974003D057B /* AGLKSkyboxShader.fsh in Resources */,
				835CF9191ED3DCA5003D057B /* beetle.png in Resources */,
				835CF9141ED3D974003D057B /* AGLKSkyboxShader.vsh in Resources */,
				835CF9151ED3D974003D057B /* AGLKTextureMatrix2PointLightShader.fsh in Resources */,
				835CF91A1ED3DCA5003D057B /* leaves.gif in Resources */,
				835CF8BF1ED3D8E8003D057B /* Main.storyboard in Resources */,
				835CF9161ED3D974003D057B /* AGLKTextureMatrix2PointLightShader.vsh in Resources */,
				835CF9121ED3D974003D057B /* AGLKPointParticleShader.vsh in Resources */,
			);
			runOnlyForDeploymentPostprocessing = 0;
		};
		835CF8C81ED3D8E8003D057B /* Resources */ = {
			isa = PBXResourcesBuildPhase;
			buildActionMask = 2147483647;
			files = (
			);
			runOnlyForDeploymentPostprocessing = 0;
		};
		835CF8D31ED3D8E8003D057B /* Resources */ = {
			isa = PBXResourcesBuildPhase;
			buildActionMask = 2147483647;
			files = (
			);
			runOnlyForDeploymentPostprocessing = 0;
		};
/* End PBXResourcesBuildPhase section */

/* Begin PBXSourcesBuildPhase section */
		835CF8AD1ED3D8E8003D057B /* Sources */ = {
			isa = PBXSourcesBuildPhase;
			buildActionMask = 2147483647;
			files = (
				835CF90E1ED3D974003D057B /* AGLKVertexAttribArrayBuffer.m in Sources */,
				835CF90B1ED3D974003D057B /* AGLKSkyboxEffect.m in Sources */,
				835CF90C1ED3D974003D057B /* AGLKTextureLoader.m in Sources */,
				835CF9071ED3D974003D057B /* AGLKContext.m in Sources */,
				835CF8BC1ED3D8E8003D057B /* ViewController.m in Sources */,
				835CF9061ED3D974003D057B /* AGLKCollision.m in Sources */,
				835CF8B91ED3D8E8003D057B /* AppDelegate.m in Sources */,
				835CF9091ED3D974003D057B /* AGLKFrustum.m in Sources */,
				835CF9081ED3D974003D057B /* AGLKFilters.m in Sources */,
				835CF90D1ED3D974003D057B /* AGLKTextureTransformBaseEffect.m in Sources */,
				835CF90A1ED3D974003D057B /* AGLKPointParticleEffect.m in Sources */,
				835CF8B61ED3D8E8003D057B /* main.m in Sources */,
				835CF90F1ED3D974003D057B /* AGLKView.m in Sources */,
				835CF9101ED3D974003D057B /* AGLKViewController.m in Sources */,
			);
			runOnlyForDeploymentPostprocessing = 0;
		};
		835CF8C61ED3D8E8003D057B /* Sources */ = {
			isa = PBXSourcesBuildPhase;
			buildActionMask = 2147483647;
			files = (
				835CF8CF1ED3D8E8003D057B /* OpenGLES_____Tests.m in Sources */,
			);
			runOnlyForDeploymentPostprocessing = 0;
		};
		835CF8D11ED3D8E8003D057B /* Sources */ = {
			isa = PBXSourcesBuildPhase;
			buildActionMask = 2147483647;
			files = (
				835CF8DA1ED3D8E8003D057B /* OpenGLES_____UITests.m in Sources */,
			);
			runOnlyForDeploymentPostprocessing = 0;
		};
/* End PBXSourcesBuildPhase section */

/* Begin PBXTargetDependency section */
		835CF8CC1ED3D8E8003D057B /* PBXTargetDependency */ = {
			isa = PBXTargetDependency;
			target = 835CF8B01ED3D8E8003D057B /* OpenGLES-纹理形变 */;
			targetProxy = 835CF8CB1ED3D8E8003D057B /* PBXContainerItemProxy */;
		};
		835CF8D71ED3D8E8003D057B /* PBXTargetDependency */ = {
			isa = PBXTargetDependency;
			target = 835CF8B01ED3D8E8003D057B /* OpenGLES-纹理形变 */;
			targetProxy = 835CF8D61ED3D8E8003D057B /* PBXContainerItemProxy */;
		};
/* End PBXTargetDependency section */

/* Begin PBXVariantGroup section */
		835CF8BD1ED3D8E8003D057B /* Main.storyboard */ = {
			isa = PBXVariantGroup;
			children = (
				835CF8BE1ED3D8E8003D057B /* Base */,
			);
			name = Main.storyboard;
			sourceTree = "<group>";
		};
		835CF8C21ED3D8E8003D057B /* LaunchScreen.storyboard */ = {
			isa = PBXVariantGroup;
			children = (
				835CF8C31ED3D8E8003D057B /* Base */,
			);
			name = LaunchScreen.storyboard;
			sourceTree = "<group>";
		};
/* End PBXVariantGroup section */

/* Begin XCBuildConfiguration section */
		835CF8DC1ED3D8E8003D057B /* Debug */ = {
			isa = XCBuildConfiguration;
			buildSettings = {
				ALWAYS_SEARCH_USER_PATHS = NO;
				CLANG_ANALYZER_NONNULL = YES;
				CLANG_ANALYZER_NUMBER_OBJECT_CONVERSION = YES_AGGRESSIVE;
				CLANG_CXX_LANGUAGE_STANDARD = "gnu++0x";
				CLANG_CXX_LIBRARY = "libc++";
				CLANG_ENABLE_MODULES = YES;
				CLANG_ENABLE_OBJC_ARC = YES;
				CLANG_WARN_BOOL_CONVERSION = YES;
				CLANG_WARN_CONSTANT_CONVERSION = YES;
				CLANG_WARN_DIRECT_OBJC_ISA_USAGE = YES_ERROR;
				CLANG_WARN_DOCUMENTATION_COMMENTS = YES;
				CLANG_WARN_EMPTY_BODY = YES;
				CLANG_WARN_ENUM_CONVERSION = YES;
				CLANG_WARN_INFINITE_RECURSION = YES;
				CLANG_WARN_INT_CONVERSION = YES;
				CLANG_WARN_OBJC_ROOT_CLASS = YES_ERROR;
				CLANG_WARN_SUSPICIOUS_MOVE = YES;
				CLANG_WARN_UNREACHABLE_CODE = YES;
				CLANG_WARN__DUPLICATE_METHOD_MATCH = YES;
				"CODE_SIGN_IDENTITY[sdk=iphoneos*]" = "iPhone Developer";
				COPY_PHASE_STRIP = NO;
				DEBUG_INFORMATION_FORMAT = dwarf;
				ENABLE_STRICT_OBJC_MSGSEND = YES;
				ENABLE_TESTABILITY = YES;
				GCC_C_LANGUAGE_STANDARD = gnu99;
				GCC_DYNAMIC_NO_PIC = NO;
				GCC_NO_COMMON_BLOCKS = YES;
				GCC_OPTIMIZATION_LEVEL = 0;
				GCC_PREPROCESSOR_DEFINITIONS = (
					"DEBUG=1",
					"$(inherited)",
				);
				GCC_WARN_64_TO_32_BIT_CONVERSION = YES;
				GCC_WARN_ABOUT_RETURN_TYPE = YES_ERROR;
				GCC_WARN_UNDECLARED_SELECTOR = YES;
				GCC_WARN_UNINITIALIZED_AUTOS = YES_AGGRESSIVE;
				GCC_WARN_UNUSED_FUNCTION = YES;
				GCC_WARN_UNUSED_VARIABLE = YES;
				IPHONEOS_DEPLOYMENT_TARGET = 10.3;
				MTL_ENABLE_DEBUG_INFO = YES;
				ONLY_ACTIVE_ARCH = YES;
				SDKROOT = iphoneos;
			};
			name = Debug;
		};
		835CF8DD1ED3D8E8003D057B /* Release */ = {
			isa = XCBuildConfiguration;
			buildSettings = {
				ALWAYS_SEARCH_USER_PATHS = NO;
				CLANG_ANALYZER_NONNULL = YES;
				CLANG_ANALYZER_NUMBER_OBJECT_CONVERSION = YES_AGGRESSIVE;
				CLANG_CXX_LANGUAGE_STANDARD = "gnu++0x";
				CLANG_CXX_LIBRARY = "libc++";
				CLANG_ENABLE_MODULES = YES;
				CLANG_ENABLE_OBJC_ARC = YES;
				CLANG_WARN_BOOL_CONVERSION = YES;
				CLANG_WARN_CONSTANT_CONVERSION = YES;
				CLANG_WARN_DIRECT_OBJC_ISA_USAGE = YES_ERROR;
				CLANG_WARN_DOCUMENTATION_COMMENTS = YES;
				CLANG_WARN_EMPTY_BODY = YES;
				CLANG_WARN_ENUM_CONVERSION = YES;
				CLANG_WARN_INFINITE_RECURSION = YES;
				CLANG_WARN_INT_CONVERSION = YES;
				CLANG_WARN_OBJC_ROOT_CLASS = YES_ERROR;
				CLANG_WARN_SUSPICIOUS_MOVE = YES;
				CLANG_WARN_UNREACHABLE_CODE = YES;
				CLANG_WARN__DUPLICATE_METHOD_MATCH = YES;
				"CODE_SIGN_IDENTITY[sdk=iphoneos*]" = "iPhone Developer";
				COPY_PHASE_STRIP = NO;
				DEBUG_INFORMATION_FORMAT = "dwarf-with-dsym";
				ENABLE_NS_ASSERTIONS = NO;
				ENABLE_STRICT_OBJC_MSGSEND = YES;
				GCC_C_LANGUAGE_STANDARD = gnu99;
				GCC_NO_COMMON_BLOCKS = YES;
				GCC_WARN_64_TO_32_BIT_CONVERSION = YES;
				GCC_WARN_ABOUT_RETURN_TYPE = YES_ERROR;
				GCC_WARN_UNDECLARED_SELECTOR = YES;
				GCC_WARN_UNINITIALIZED_AUTOS = YES_AGGRESSIVE;
				GCC_WARN_UNUSED_FUNCTION = YES;
				GCC_WARN_UNUSED_VARIABLE = YES;
				IPHONEOS_DEPLOYMENT_TARGET = 10.3;
				MTL_ENABLE_DEBUG_INFO = NO;
				SDKROOT = iphoneos;
				VALIDATE_PRODUCT = YES;
			};
			name = Release;
		};
		835CF8DF1ED3D8E8003D057B /* Debug */ = {
			isa = XCBuildConfiguration;
			buildSettings = {
				ASSETCATALOG_COMPILER_APPICON_NAME = AppIcon;
				INFOPLIST_FILE = "OpenGLES-纹理形变/Info.plist";
				LD_RUNPATH_SEARCH_PATHS = "$(inherited) @executable_path/Frameworks";
				PRODUCT_BUNDLE_IDENTIFIER = "com.ShiWenChen.com.OpenGLES-----";
				PRODUCT_NAME = "$(TARGET_NAME)";
			};
			name = Debug;
		};
		835CF8E01ED3D8E8003D057B /* Release */ = {
			isa = XCBuildConfiguration;
			buildSettings = {
				ASSETCATALOG_COMPILER_APPICON_NAME = AppIcon;
				INFOPLIST_FILE = "OpenGLES-纹理形变/Info.plist";
				LD_RUNPATH_SEARCH_PATHS = "$(inherited) @executable_path/Frameworks";
				PRODUCT_BUNDLE_IDENTIFIER = "com.ShiWenChen.com.OpenGLES-----";
				PRODUCT_NAME = "$(TARGET_NAME)";
			};
			name = Release;
		};
		835CF8E21ED3D8E8003D057B /* Debug */ = {
			isa = XCBuildConfiguration;
			buildSettings = {
				BUNDLE_LOADER = "$(TEST_HOST)";
				INFOPLIST_FILE = "OpenGLES-纹理形变Tests/Info.plist";
				LD_RUNPATH_SEARCH_PATHS = "$(inherited) @executable_path/Frameworks @loader_path/Frameworks";
				PRODUCT_BUNDLE_IDENTIFIER = "com.ShiWenChen.com.OpenGLES-----Tests";
				PRODUCT_NAME = "$(TARGET_NAME)";
				TEST_HOST = "$(BUILT_PRODUCTS_DIR)/OpenGLES-纹理形变.app/OpenGLES-纹理形变";
			};
			name = Debug;
		};
		835CF8E31ED3D8E8003D057B /* Release */ = {
			isa = XCBuildConfiguration;
			buildSettings = {
				BUNDLE_LOADER = "$(TEST_HOST)";
				INFOPLIST_FILE = "OpenGLES-纹理形变Tests/Info.plist";
				LD_RUNPATH_SEARCH_PATHS = "$(inherited) @executable_path/Frameworks @loader_path/Frameworks";
				PRODUCT_BUNDLE_IDENTIFIER = "com.ShiWenChen.com.OpenGLES-----Tests";
				PRODUCT_NAME = "$(TARGET_NAME)";
				TEST_HOST = "$(BUILT_PRODUCTS_DIR)/OpenGLES-纹理形变.app/OpenGLES-纹理形变";
			};
			name = Release;
		};
		835CF8E51ED3D8E8003D057B /* Debug */ = {
			isa = XCBuildConfiguration;
			buildSettings = {
				INFOPLIST_FILE = "OpenGLES-纹理形变UITests/Info.plist";
				LD_RUNPATH_SEARCH_PATHS = "$(inherited) @executable_path/Frameworks @loader_path/Frameworks";
				PRODUCT_BUNDLE_IDENTIFIER = "com.ShiWenChen.com.OpenGLES-----UITests";
				PRODUCT_NAME = "$(TARGET_NAME)";
				TEST_TARGET_NAME = "OpenGLES-纹理形变";
			};
			name = Debug;
		};
		835CF8E61ED3D8E8003D057B /* Release */ = {
			isa = XCBuildConfiguration;
			buildSettings = {
				INFOPLIST_FILE = "OpenGLES-纹理形变UITests/Info.plist";
				LD_RUNPATH_SEARCH_PATHS = "$(inherited) @executable_path/Frameworks @loader_path/Frameworks";
				PRODUCT_BUNDLE_IDENTIFIER = "com.ShiWenChen.com.OpenGLES-----UITests";
				PRODUCT_NAME = "$(TARGET_NAME)";
				TEST_TARGET_NAME = "OpenGLES-纹理形变";
			};
			name = Release;
		};
/* End XCBuildConfiguration section */

/* Begin XCConfigurationList section */
		835CF8AC1ED3D8E8003D057B /* Build configuration list for PBXProject "OpenGLES-纹理形变" */ = {
			isa = XCConfigurationList;
			buildConfigurations = (
				835CF8DC1ED3D8E8003D057B /* Debug */,
				835CF8DD1ED3D8E8003D057B /* Release */,
			);
			defaultConfigurationIsVisible = 0;
			defaultConfigurationName = Release;
		};
		835CF8DE1ED3D8E8003D057B /* Build configuration list for PBXNativeTarget "OpenGLES-纹理形变" */ = {
			isa = XCConfigurationList;
			buildConfigurations = (
				835CF8DF1ED3D8E8003D057B /* Debug */,
				835CF8E01ED3D8E8003D057B /* Release */,
			);
			defaultConfigurationIsVisible = 0;
		};
		835CF8E11ED3D8E8003D057B /* Build configuration list for PBXNativeTarget "OpenGLES-纹理形变Tests" */ = {
			isa = XCConfigurationList;
			buildConfigurations = (
				835CF8E21ED3D8E8003D057B /* Debug */,
				835CF8E31ED3D8E8003D057B /* Release */,
			);
			defaultConfigurationIsVisible = 0;
		};
		835CF8E41ED3D8E8003D057B /* Build configuration list for PBXNativeTarget "OpenGLES-纹理形变UITests" */ = {
			isa = XCConfigurationList;
			buildConfigurations = (
				835CF8E51ED3D8E8003D057B /* Debug */,
				835CF8E61ED3D8E8003D057B /* Release */,
			);
			defaultConfigurationIsVisible = 0;
		};
/* End XCConfigurationList section */
	};
	rootObject = 835CF8A91ED3D8E8003D057B /* Project object */;
}
